// !$*UTF8*$!
{
	archiveVersion = 1;
	classes = {
	};
	objectVersion = 56;
	objects = {

/* Begin PBXBuildFile section */
		FFE6A78F2989989200DE5C91 /* TimeManagmentApp.swift in Sources */ = {isa = PBXBuildFile; fileRef = FFE6A78E2989989200DE5C91 /* TimeManagmentApp.swift */; };
		FFE6A7912989989200DE5C91 /* ContentView.swift in Sources */ = {isa = PBXBuildFile; fileRef = FFE6A7902989989200DE5C91 /* ContentView.swift */; };
		FFE6A7932989989700DE5C91 /* Assets.xcassets in Resources */ = {isa = PBXBuildFile; fileRef = FFE6A7922989989700DE5C91 /* Assets.xcassets */; };
		FFE6A7962989989700DE5C91 /* Preview Assets.xcassets in Resources */ = {isa = PBXBuildFile; fileRef = FFE6A7952989989700DE5C91 /* Preview Assets.xcassets */; };
		FFE6A7A029899A5200DE5C91 /* Images.xcassets in Resources */ = {isa = PBXBuildFile; fileRef = FFE6A79F29899A5200DE5C91 /* Images.xcassets */; };
		FFE6A7A229899A5E00DE5C91 /* Colors.xcassets in Resources */ = {isa = PBXBuildFile; fileRef = FFE6A7A129899A5E00DE5C91 /* Colors.xcassets */; };
		FFE6A7A629899A8A00DE5C91 /* Localizable.strings in Resources */ = {isa = PBXBuildFile; fileRef = FFE6A7A829899A8A00DE5C91 /* Localizable.strings */; };
/* End PBXBuildFile section */

/* Begin PBXFileReference section */
		FFE6A78B2989989200DE5C91 /* TimeManagment.app */ = {isa = PBXFileReference; explicitFileType = wrapper.application; includeInIndex = 0; path = TimeManagment.app; sourceTree = BUILT_PRODUCTS_DIR; };
		FFE6A78E2989989200DE5C91 /* TimeManagmentApp.swift */ = {isa = PBXFileReference; lastKnownFileType = sourcecode.swift; path = TimeManagmentApp.swift; sourceTree = "<group>"; };
		FFE6A7902989989200DE5C91 /* ContentView.swift */ = {isa = PBXFileReference; lastKnownFileType = sourcecode.swift; path = ContentView.swift; sourceTree = "<group>"; };
		FFE6A7922989989700DE5C91 /* Assets.xcassets */ = {isa = PBXFileReference; lastKnownFileType = folder.assetcatalog; path = Assets.xcassets; sourceTree = "<group>"; };
		FFE6A7952989989700DE5C91 /* Preview Assets.xcassets */ = {isa = PBXFileReference; lastKnownFileType = folder.assetcatalog; path = "Preview Assets.xcassets"; sourceTree = "<group>"; };
		FFE6A79F29899A5200DE5C91 /* Images.xcassets */ = {isa = PBXFileReference; lastKnownFileType = folder.assetcatalog; path = Images.xcassets; sourceTree = "<group>"; };
		FFE6A7A129899A5E00DE5C91 /* Colors.xcassets */ = {isa = PBXFileReference; lastKnownFileType = folder.assetcatalog; path = Colors.xcassets; sourceTree = "<group>"; };
		FFE6A7A729899A8A00DE5C91 /* en */ = {isa = PBXFileReference; lastKnownFileType = text.plist.strings; name = en; path = en.lproj/Localizable.strings; sourceTree = "<group>"; };
/* End PBXFileReference section */

/* Begin PBXFrameworksBuildPhase section */
		FFE6A7882989989200DE5C91 /* Frameworks */ = {
			isa = PBXFrameworksBuildPhase;
			buildActionMask = 2147483647;
			files = (
			);
			runOnlyForDeploymentPostprocessing = 0;
		};
/* End PBXFrameworksBuildPhase section */

/* Begin PBXGroup section */
		FFE6A7822989989200DE5C91 = {
			isa = PBXGroup;
			children = (
				FFE6A78D2989989200DE5C91 /* TimeManagment */,
				FFE6A78C2989989200DE5C91 /* Products */,
			);
			sourceTree = "<group>";
		};
		FFE6A78C2989989200DE5C91 /* Products */ = {
			isa = PBXGroup;
			children = (
				FFE6A78B2989989200DE5C91 /* TimeManagment.app */,
			);
			name = Products;
			sourceTree = "<group>";
		};
		FFE6A78D2989989200DE5C91 /* TimeManagment */ = {
			isa = PBXGroup;
			children = (
				FFE6A79E298999F600DE5C91 /* Flow */,
				FFE6A79D298999D600DE5C91 /* Resources */,
				FFE6A79C298999C500DE5C91 /* App */,
				FFE6A7942989989700DE5C91 /* Preview Content */,
			);
			path = TimeManagment;
			sourceTree = "<group>";
		};
		FFE6A7942989989700DE5C91 /* Preview Content */ = {
			isa = PBXGroup;
			children = (
				FFE6A7952989989700DE5C91 /* Preview Assets.xcassets */,
			);
			path = "Preview Content";
			sourceTree = "<group>";
		};
		FFE6A79C298999C500DE5C91 /* App */ = {
			isa = PBXGroup;
			children = (
				FFE6A7922989989700DE5C91 /* Assets.xcassets */,
				FFE6A78E2989989200DE5C91 /* TimeManagmentApp.swift */,
			);
			path = App;
			sourceTree = "<group>";
		};
		FFE6A79D298999D600DE5C91 /* Resources */ = {
			isa = PBXGroup;
			children = (
				FFE6A79F29899A5200DE5C91 /* Images.xcassets */,
				FFE6A7A129899A5E00DE5C91 /* Colors.xcassets */,
				FFE6A7A829899A8A00DE5C91 /* Localizable.strings */,
			);
			path = Resources;
			sourceTree = "<group>";
		};
		FFE6A79E298999F600DE5C91 /* Flow */ = {
			isa = PBXGroup;
			children = (
				FFE6A7902989989200DE5C91 /* ContentView.swift */,
			);
			path = Flow;
			sourceTree = "<group>";
		};
/* End PBXGroup section */

/* Begin PBXNativeTarget section */
		FFE6A78A2989989200DE5C91 /* TimeManagment */ = {
			isa = PBXNativeTarget;
			buildConfigurationList = FFE6A7992989989700DE5C91 /* Build configuration list for PBXNativeTarget "TimeManagment" */;
			buildPhases = (
				FFE6A7872989989200DE5C91 /* Sources */,
				FFE6A7882989989200DE5C91 /* Frameworks */,
				FFE6A7892989989200DE5C91 /* Resources */,
			);
			buildRules = (
			);
			dependencies = (
			);
			name = TimeManagment;
			productName = TimeManagment;
			productReference = FFE6A78B2989989200DE5C91 /* TimeManagment.app */;
			productType = "com.apple.product-type.application";
		};
/* End PBXNativeTarget section */

/* Begin PBXProject section */
		FFE6A7832989989200DE5C91 /* Project object */ = {
			isa = PBXProject;
			attributes = {
				BuildIndependentTargetsInParallel = 1;
				LastSwiftUpdateCheck = 1420;
				LastUpgradeCheck = 1420;
				TargetAttributes = {
					FFE6A78A2989989200DE5C91 = {
						CreatedOnToolsVersion = 14.2;
					};
				};
			};
			buildConfigurationList = FFE6A7862989989200DE5C91 /* Build configuration list for PBXProject "TimeManagment" */;
			compatibilityVersion = "Xcode 14.0";
			developmentRegion = en;
			hasScannedForEncodings = 0;
			knownRegions = (
				en,
				Base,
			);
			mainGroup = FFE6A7822989989200DE5C91;
			productRefGroup = FFE6A78C2989989200DE5C91 /* Products */;
			projectDirPath = "";
			projectRoot = "";
			targets = (
				FFE6A78A2989989200DE5C91 /* TimeManagment */,
			);
		};
/* End PBXProject section */

/* Begin PBXResourcesBuildPhase section */
		FFE6A7892989989200DE5C91 /* Resources */ = {
			isa = PBXResourcesBuildPhase;
			buildActionMask = 2147483647;
			files = (
				FFE6A7A629899A8A00DE5C91 /* Localizable.strings in Resources */,
				FFE6A7A029899A5200DE5C91 /* Images.xcassets in Resources */,
				FFE6A7A229899A5E00DE5C91 /* Colors.xcassets in Resources */,
				FFE6A7962989989700DE5C91 /* Preview Assets.xcassets in Resources */,
				FFE6A7932989989700DE5C91 /* Assets.xcassets in Resources */,
			);
			runOnlyForDeploymentPostprocessing = 0;
		};
/* End PBXResourcesBuildPhase section */

/* Begin PBXSourcesBuildPhase section */
		FFE6A7872989989200DE5C91 /* Sources */ = {
			isa = PBXSourcesBuildPhase;
			buildActionMask = 2147483647;
			files = (
				FFE6A7912989989200DE5C91 /* ContentView.swift in Sources */,
				FFE6A78F2989989200DE5C91 /* TimeManagmentApp.swift in Sources */,
			);
			runOnlyForDeploymentPostprocessing = 0;
		};
/* End PBXSourcesBuildPhase section */

/* Begin PBXVariantGroup section */
		FFE6A7A829899A8A00DE5C91 /* Localizable.strings */ = {
			isa = PBXVariantGroup;
			children = (
				FFE6A7A729899A8A00DE5C91 /* en */,
			);
			name = Localizable.strings;
			sourceTree = "<group>";
		};
/* End PBXVariantGroup section */

/* Begin XCBuildConfiguration section */
		FFE6A7972989989700DE5C91 /* Debug */ = {
			isa = XCBuildConfiguration;
			buildSettings = {
				ALWAYS_SEARCH_USER_PATHS = NO;
				CLANG_ANALYZER_NONNULL = YES;
				CLANG_ANALYZER_NUMBER_OBJECT_CONVERSION = YES_AGGRESSIVE;
				CLANG_CXX_LANGUAGE_STANDARD = "gnu++20";
				CLANG_ENABLE_MODULES = YES;
				CLANG_ENABLE_OBJC_ARC = YES;
				CLANG_ENABLE_OBJC_WEAK = YES;
				CLANG_WARN_BLOCK_CAPTURE_AUTORELEASING = YES;
				CLANG_WARN_BOOL_CONVERSION = YES;
				CLANG_WARN_COMMA = YES;
				CLANG_WARN_CONSTANT_CONVERSION = YES;
				CLANG_WARN_DEPRECATED_OBJC_IMPLEMENTATIONS = YES;
				CLANG_WARN_DIRECT_OBJC_ISA_USAGE = YES_ERROR;
				CLANG_WARN_DOCUMENTATION_COMMENTS = YES;
				CLANG_WARN_EMPTY_BODY = YES;
				CLANG_WARN_ENUM_CONVERSION = YES;
				CLANG_WARN_INFINITE_RECURSION = YES;
				CLANG_WARN_INT_CONVERSION = YES;
				CLANG_WARN_NON_LITERAL_NULL_CONVERSION = YES;
				CLANG_WARN_OBJC_IMPLICIT_RETAIN_SELF = YES;
				CLANG_WARN_OBJC_LITERAL_CONVERSION = YES;
				CLANG_WARN_OBJC_ROOT_CLASS = YES_ERROR;
				CLANG_WARN_QUOTED_INCLUDE_IN_FRAMEWORK_HEADER = YES;
				CLANG_WARN_RANGE_LOOP_ANALYSIS = YES;
				CLANG_WARN_STRICT_PROTOTYPES = YES;
				CLANG_WARN_SUSPICIOUS_MOVE = YES;
				CLANG_WARN_UNGUARDED_AVAILABILITY = YES_AGGRESSIVE;
				CLANG_WARN_UNREACHABLE_CODE = YES;
				CLANG_WARN__DUPLICATE_METHOD_MATCH = YES;
				COPY_PHASE_STRIP = NO;
				DEBUG_INFORMATION_FORMAT = dwarf;
				ENABLE_STRICT_OBJC_MSGSEND = YES;
				ENABLE_TESTABILITY = YES;
				GCC_C_LANGUAGE_STANDARD = gnu11;
				GCC_DYNAMIC_NO_PIC = NO;
				GCC_NO_COMMON_BLOCKS = YES;
				GCC_OPTIMIZATION_LEVEL = 0;
				GCC_PREPROCESSOR_DEFINITIONS = (
					"DEBUG=1",
					"$(inherited)",
				);
				GCC_WARN_64_TO_32_BIT_CONVERSION = YES;
				GCC_WARN_ABOUT_RETURN_TYPE = YES_ERROR;
				GCC_WARN_UNDECLARED_SELECTOR = YES;
				GCC_WARN_UNINITIALIZED_AUTOS = YES_AGGRESSIVE;
				GCC_WARN_UNUSED_FUNCTION = YES;
				GCC_WARN_UNUSED_VARIABLE = YES;
				IPHONEOS_DEPLOYMENT_TARGET = 16.2;
				MTL_ENABLE_DEBUG_INFO = INCLUDE_SOURCE;
				MTL_FAST_MATH = YES;
				ONLY_ACTIVE_ARCH = YES;
				SDKROOT = iphoneos;
				SWIFT_ACTIVE_COMPILATION_CONDITIONS = DEBUG;
				SWIFT_OPTIMIZATION_LEVEL = "-Onone";
			};
			name = Debug;
		};
		FFE6A7982989989700DE5C91 /* Release */ = {
			isa = XCBuildConfiguration;
			buildSettings = {
				ALWAYS_SEARCH_USER_PATHS = NO;
				CLANG_ANALYZER_NONNULL = YES;
				CLANG_ANALYZER_NUMBER_OBJECT_CONVERSION = YES_AGGRESSIVE;
				CLANG_CXX_LANGUAGE_STANDARD = "gnu++20";
				CLANG_ENABLE_MODULES = YES;
				CLANG_ENABLE_OBJC_ARC = YES;
				CLANG_ENABLE_OBJC_WEAK = YES;
				CLANG_WARN_BLOCK_CAPTURE_AUTORELEASING = YES;
				CLANG_WARN_BOOL_CONVERSION = YES;
				CLANG_WARN_COMMA = YES;
				CLANG_WARN_CONSTANT_CONVERSION = YES;
				CLANG_WARN_DEPRECATED_OBJC_IMPLEMENTATIONS = YES;
				CLANG_WARN_DIRECT_OBJC_ISA_USAGE = YES_ERROR;
				CLANG_WARN_DOCUMENTATION_COMMENTS = YES;
				CLANG_WARN_EMPTY_BODY = YES;
				CLANG_WARN_ENUM_CONVERSION = YES;
				CLANG_WARN_INFINITE_RECURSION = YES;
				CLANG_WARN_INT_CONVERSION = YES;
				CLANG_WARN_NON_LITERAL_NULL_CONVERSION = YES;
				CLANG_WARN_OBJC_IMPLICIT_RETAIN_SELF = YES;
				CLANG_WARN_OBJC_LITERAL_CONVERSION = YES;
				CLANG_WARN_OBJC_ROOT_CLASS = YES_ERROR;
				CLANG_WARN_QUOTED_INCLUDE_IN_FRAMEWORK_HEADER = YES;
				CLANG_WARN_RANGE_LOOP_ANALYSIS = YES;
				CLANG_WARN_STRICT_PROTOTYPES = YES;
				CLANG_WARN_SUSPICIOUS_MOVE = YES;
				CLANG_WARN_UNGUARDED_AVAILABILITY = YES_AGGRESSIVE;
				CLANG_WARN_UNREACHABLE_CODE = YES;
				CLANG_WARN__DUPLICATE_METHOD_MATCH = YES;
				COPY_PHASE_STRIP = NO;
				DEBUG_INFORMATION_FORMAT = "dwarf-with-dsym";
				ENABLE_NS_ASSERTIONS = NO;
				ENABLE_STRICT_OBJC_MSGSEND = YES;
				GCC_C_LANGUAGE_STANDARD = gnu11;
				GCC_NO_COMMON_BLOCKS = YES;
				GCC_WARN_64_TO_32_BIT_CONVERSION = YES;
				GCC_WARN_ABOUT_RETURN_TYPE = YES_ERROR;
				GCC_WARN_UNDECLARED_SELECTOR = YES;
				GCC_WARN_UNINITIALIZED_AUTOS = YES_AGGRESSIVE;
				GCC_WARN_UNUSED_FUNCTION = YES;
				GCC_WARN_UNUSED_VARIABLE = YES;
				IPHONEOS_DEPLOYMENT_TARGET = 16.2;
				MTL_ENABLE_DEBUG_INFO = NO;
				MTL_FAST_MATH = YES;
				SDKROOT = iphoneos;
				SWIFT_COMPILATION_MODE = wholemodule;
				SWIFT_OPTIMIZATION_LEVEL = "-O";
				VALIDATE_PRODUCT = YES;
			};
			name = Release;
		};
		FFE6A79A2989989700DE5C91 /* Debug */ = {
			isa = XCBuildConfiguration;
			buildSettings = {
				ASSETCATALOG_COMPILER_APPICON_NAME = AppIcon;
				ASSETCATALOG_COMPILER_GLOBAL_ACCENT_COLOR_NAME = AccentColor;
				CODE_SIGN_STYLE = Automatic;
				CURRENT_PROJECT_VERSION = 1;
				DEVELOPMENT_ASSET_PATHS = "\"TimeManagment/Preview Content\"";
				DEVELOPMENT_TEAM = 3MZDX9DG27;
				ENABLE_PREVIEWS = YES;
				GENERATE_INFOPLIST_FILE = YES;
				INFOPLIST_KEY_UIApplicationSceneManifest_Generation = YES;
				INFOPLIST_KEY_UIApplicationSupportsIndirectInputEvents = YES;
				INFOPLIST_KEY_UILaunchScreen_Generation = YES;
				INFOPLIST_KEY_UISupportedInterfaceOrientations_iPad = "UIInterfaceOrientationPortrait UIInterfaceOrientationPortraitUpsideDown UIInterfaceOrientationLandscapeLeft UIInterfaceOrientationLandscapeRight";
				INFOPLIST_KEY_UISupportedInterfaceOrientations_iPhone = "UIInterfaceOrientationPortrait UIInterfaceOrientationLandscapeLeft UIInterfaceOrientationLandscapeRight";
				LD_RUNPATH_SEARCH_PATHS = (
					"$(inherited)",
					"@executable_path/Frameworks",
				);
				MARKETING_VERSION = 1.0;
				PRODUCT_BUNDLE_IDENTIFIER = "-.TimeManagment";
				PRODUCT_NAME = "$(TARGET_NAME)";
				SWIFT_EMIT_LOC_STRINGS = YES;
				SWIFT_VERSION = 5.0;
				TARGETED_DEVICE_FAMILY = "1,2";
			};
			name = Debug;
		};
		FFE6A79B2989989700DE5C91 /* Release */ = {
			isa = XCBuildConfiguration;
			buildSettings = {
				ASSETCATALOG_COMPILER_APPICON_NAME = AppIcon;
				ASSETCATALOG_COMPILER_GLOBAL_ACCENT_COLOR_NAME = AccentColor;
				CODE_SIGN_STYLE = Automatic;
				CURRENT_PROJECT_VERSION = 1;
				DEVELOPMENT_ASSET_PATHS = "\"TimeManagment/Preview Content\"";
				DEVELOPMENT_TEAM = 3MZDX9DG27;
				ENABLE_PREVIEWS = YES;
				GENERATE_INFOPLIST_FILE = YES;
				INFOPLIST_KEY_UIApplicationSceneManifest_Generation = YES;
				INFOPLIST_KEY_UIApplicationSupportsIndirectInputEvents = YES;
				INFOPLIST_KEY_UILaunchScreen_Generation = YES;
				INFOPLIST_KEY_UISupportedInterfaceOrientations_iPad = "UIInterfaceOrientationPortrait UIInterfaceOrientationPortraitUpsideDown UIInterfaceOrientationLandscapeLeft UIInterfaceOrientationLandscapeRight";
				INFOPLIST_KEY_UISupportedInterfaceOrientations_iPhone = "UIInterfaceOrientationPortrait UIInterfaceOrientationLandscapeLeft UIInterfaceOrientationLandscapeRight";
				LD_RUNPATH_SEARCH_PATHS = (
					"$(inherited)",
					"@executable_path/Frameworks",
				);
				MARKETING_VERSION = 1.0;
				PRODUCT_BUNDLE_IDENTIFIER = "-.TimeManagment";
				PRODUCT_NAME = "$(TARGET_NAME)";
				SWIFT_EMIT_LOC_STRINGS = YES;
				SWIFT_VERSION = 5.0;
				TARGETED_DEVICE_FAMILY = "1,2";
			};
			name = Release;
		};
/* End XCBuildConfiguration section */

/* Begin XCConfigurationList section */
		FFE6A7862989989200DE5C91 /* Build configuration list for PBXProject "TimeManagment" */ = {
			isa = XCConfigurationList;
			buildConfigurations = (
				FFE6A7972989989700DE5C91 /* Debug */,
				FFE6A7982989989700DE5C91 /* Release */,
			);
			defaultConfigurationIsVisible = 0;
			defaultConfigurationName = Release;
		};
		FFE6A7992989989700DE5C91 /* Build configuration list for PBXNativeTarget "TimeManagment" */ = {
			isa = XCConfigurationList;
			buildConfigurations = (
				FFE6A79A2989989700DE5C91 /* Debug */,
				FFE6A79B2989989700DE5C91 /* Release */,
			);
			defaultConfigurationIsVisible = 0;
			defaultConfigurationName = Release;
		};
/* End XCConfigurationList section */
	};
	rootObject = FFE6A7832989989200DE5C91 /* Project object */;
}
